// !$*UTF8*$!
{
	archiveVersion = 1;
	classes = {
	};
	objectVersion = 56;
	objects = {

/* Begin PBXBuildFile section */
		A9027B1A2ABB2E1F003E2A2C /* ProgressHUD in Frameworks */ = {isa = PBXBuildFile; productRef = A9027B192ABB2E1F003E2A2C /* ProgressHUD */; };
		A906D4AB2B4C4452001E30FC /* ProfileViewControllerTests.swift in Sources */ = {isa = PBXBuildFile; fileRef = A906D4AA2B4C4452001E30FC /* ProfileViewControllerTests.swift */; };
		A906D4AD2B4C4473001E30FC /* ProfilePresenterTests.swift in Sources */ = {isa = PBXBuildFile; fileRef = A906D4AC2B4C4473001E30FC /* ProfilePresenterTests.swift */; };
		A906D4AF2B4C4497001E30FC /* ImagesListTests.swift in Sources */ = {isa = PBXBuildFile; fileRef = A906D4AE2B4C4497001E30FC /* ImagesListTests.swift */; };
		A906D4B12B4C44C8001E30FC /* ProfilePresenterSpy.swift in Sources */ = {isa = PBXBuildFile; fileRef = A906D4B02B4C44C8001E30FC /* ProfilePresenterSpy.swift */; };
		A906D4B32B4C44DF001E30FC /* ProfileViewControllerSpy.swift in Sources */ = {isa = PBXBuildFile; fileRef = A906D4B22B4C44DF001E30FC /* ProfileViewControllerSpy.swift */; };
		A906D4B52B4C44F8001E30FC /* ImagesListPresenterSpy.swift in Sources */ = {isa = PBXBuildFile; fileRef = A906D4B42B4C44F8001E30FC /* ImagesListPresenterSpy.swift */; };
		A906D4BD2B4C555A001E30FC /* image_feedUITests.swift in Sources */ = {isa = PBXBuildFile; fileRef = A906D4BC2B4C555A001E30FC /* image_feedUITests.swift */; };
		A90BAD982A8A553C002D46A3 /* ProfileViewController.swift in Sources */ = {isa = PBXBuildFile; fileRef = A90BAD972A8A553C002D46A3 /* ProfileViewController.swift */; };
		A91274DE2A750E80009EAB1A /* AppDelegate.swift in Sources */ = {isa = PBXBuildFile; fileRef = A91274DD2A750E80009EAB1A /* AppDelegate.swift */; };
		A91274E02A750E80009EAB1A /* SceneDelegate.swift in Sources */ = {isa = PBXBuildFile; fileRef = A91274DF2A750E80009EAB1A /* SceneDelegate.swift */; };
		A91274E22A750E80009EAB1A /* ImagesListViewController.swift in Sources */ = {isa = PBXBuildFile; fileRef = A91274E12A750E80009EAB1A /* ImagesListViewController.swift */; };
		A91274E52A750E80009EAB1A /* Main.storyboard in Resources */ = {isa = PBXBuildFile; fileRef = A91274E32A750E80009EAB1A /* Main.storyboard */; };
		A91274E72A750E81009EAB1A /* Assets.xcassets in Resources */ = {isa = PBXBuildFile; fileRef = A91274E62A750E81009EAB1A /* Assets.xcassets */; };
		A91274EA2A750E81009EAB1A /* LaunchScreen.storyboard in Resources */ = {isa = PBXBuildFile; fileRef = A91274E82A750E81009EAB1A /* LaunchScreen.storyboard */; };
		A9178DAC2B4ABDE7008DBCCE /* WebViewPresenter.swift in Sources */ = {isa = PBXBuildFile; fileRef = A9178DAB2B4ABDE7008DBCCE /* WebViewPresenter.swift */; };
		A9178DAE2B4ABFA3008DBCCE /* AuthHelper.swift in Sources */ = {isa = PBXBuildFile; fileRef = A9178DAD2B4ABFA3008DBCCE /* AuthHelper.swift */; };
		A9178DB12B4AC037008DBCCE /* AuthConfiguration.swift in Sources */ = {isa = PBXBuildFile; fileRef = A9178DB02B4AC037008DBCCE /* AuthConfiguration.swift */; };
		A9178DB32B4AC064008DBCCE /* AuthConfigConstants.swift in Sources */ = {isa = PBXBuildFile; fileRef = A9178DB22B4AC063008DBCCE /* AuthConfigConstants.swift */; };
		A9178DB52B4AC60F008DBCCE /* ProfilePresenter.swift in Sources */ = {isa = PBXBuildFile; fileRef = A9178DB42B4AC60F008DBCCE /* ProfilePresenter.swift */; };
		A9178DB72B4ACD04008DBCCE /* ImagesListPresenter.swift in Sources */ = {isa = PBXBuildFile; fileRef = A9178DB62B4ACD04008DBCCE /* ImagesListPresenter.swift */; };
		A9178DBF2B4C1DA8008DBCCE /* WebViewTests.swift in Sources */ = {isa = PBXBuildFile; fileRef = A9178DBE2B4C1DA8008DBCCE /* WebViewTests.swift */; };
		A9178DC62B4C23F3008DBCCE /* WebViewPresenterSpy.swift in Sources */ = {isa = PBXBuildFile; fileRef = A9178DC52B4C23F3008DBCCE /* WebViewPresenterSpy.swift */; };
		A9178DC82B4C2469008DBCCE /* WebViewViewControllerSpy.swift in Sources */ = {isa = PBXBuildFile; fileRef = A9178DC72B4C2469008DBCCE /* WebViewViewControllerSpy.swift */; };
		A931F10E2AB46C7E0022BE73 /* OAuth2Service.swift in Sources */ = {isa = PBXBuildFile; fileRef = A931F10D2AB46C7E0022BE73 /* OAuth2Service.swift */; };
		A931F1102AB473550022BE73 /* OAuth2TokenStorage.swift in Sources */ = {isa = PBXBuildFile; fileRef = A931F10F2AB473550022BE73 /* OAuth2TokenStorage.swift */; };
		A94DB8E62A8F8F9E00579B8A /* SingleImageViewController.swift in Sources */ = {isa = PBXBuildFile; fileRef = A94DB8E52A8F8F9E00579B8A /* SingleImageViewController.swift */; };
		A95C5BA22AD9333000A7BD20 /* AlertPresenter.swift in Sources */ = {isa = PBXBuildFile; fileRef = A95C5BA12AD9333000A7BD20 /* AlertPresenter.swift */; };
		A95C5BA52AD9337600A7BD20 /* OAuthTokenResponseBody.swift in Sources */ = {isa = PBXBuildFile; fileRef = A95C5BA42AD9337600A7BD20 /* OAuthTokenResponseBody.swift */; };
		A95C5BA92AD933A800A7BD20 /* ProfileStructures.swift in Sources */ = {isa = PBXBuildFile; fileRef = A95C5BA82AD933A800A7BD20 /* ProfileStructures.swift */; };
		A95C5BAC2AD933FC00A7BD20 /* URLRequest+Extension.swift in Sources */ = {isa = PBXBuildFile; fileRef = A95C5BAB2AD933FC00A7BD20 /* URLRequest+Extension.swift */; };
		A95C5BAE2AD9340F00A7BD20 /* URLSession+Extension.swift in Sources */ = {isa = PBXBuildFile; fileRef = A95C5BAD2AD9340F00A7BD20 /* URLSession+Extension.swift */; };
		A95C5BB02AD9342600A7BD20 /* UIColorExtension.swift in Sources */ = {isa = PBXBuildFile; fileRef = A95C5BAF2AD9342600A7BD20 /* UIColorExtension.swift */; };
		A95C5BB42AD9361300A7BD20 /* ConvertFromSnakeCase.swift in Sources */ = {isa = PBXBuildFile; fileRef = A95C5BB32AD9361300A7BD20 /* ConvertFromSnakeCase.swift */; };
		A95C5BB62AD93AAB00A7BD20 /* RootNavigationController.swift in Sources */ = {isa = PBXBuildFile; fileRef = A95C5BB52AD93AAB00A7BD20 /* RootNavigationController.swift */; };
		A9860FD02AD86AF900677887 /* Kingfisher in Frameworks */ = {isa = PBXBuildFile; productRef = A9860FCF2AD86AF900677887 /* Kingfisher */; };
		A9860FD32AD86B0000677887 /* SwiftKeychainWrapper in Frameworks */ = {isa = PBXBuildFile; productRef = A9860FD22AD86B0000677887 /* SwiftKeychainWrapper */; };
		A9860FD52AD86C6700677887 /* TabBarController.swift in Sources */ = {isa = PBXBuildFile; fileRef = A9860FD42AD86C6700677887 /* TabBarController.swift */; };
		A9860FD72AD86D5200677887 /* ProfileService.swift in Sources */ = {isa = PBXBuildFile; fileRef = A9860FD62AD86D5200677887 /* ProfileService.swift */; };
		A9860FD92AD86D7E00677887 /* ProfileImageService.swift in Sources */ = {isa = PBXBuildFile; fileRef = A9860FD82AD86D7E00677887 /* ProfileImageService.swift */; };
		A9860FDB2AD86E2300677887 /* UIBlockingProgressHUD.swift in Sources */ = {isa = PBXBuildFile; fileRef = A9860FDA2AD86E2300677887 /* UIBlockingProgressHUD.swift */; };
		A98B09CA2AAB5DC6004A584A /* AuthViewController.swift in Sources */ = {isa = PBXBuildFile; fileRef = A98B09C92AAB5DC6004A584A /* AuthViewController.swift */; };
		A98B09CD2AAF257C004A584A /* WebViewViewController.swift in Sources */ = {isa = PBXBuildFile; fileRef = A98B09CC2AAF257C004A584A /* WebViewViewController.swift */; };
		A9BDCFCF2AE010AC00BF5AF7 /* ImagesListService.swift in Sources */ = {isa = PBXBuildFile; fileRef = A9BDCFCE2AE010AC00BF5AF7 /* ImagesListService.swift */; };
		A9BDCFD12AE015FE00BF5AF7 /* PhotoStructures.swift in Sources */ = {isa = PBXBuildFile; fileRef = A9BDCFD02AE015FE00BF5AF7 /* PhotoStructures.swift */; };
		A9F3831F2A84DFA000D9A15E /* ImagesListCell.swift in Sources */ = {isa = PBXBuildFile; fileRef = A9F3831E2A84DFA000D9A15E /* ImagesListCell.swift */; };
		A9FF20262AB7859E00DC0471 /* SplashViewController.swift in Sources */ = {isa = PBXBuildFile; fileRef = A9FF20252AB7859E00DC0471 /* SplashViewController.swift */; };
/* End PBXBuildFile section */

/* Begin PBXContainerItemProxy section */
		A906D4C02B4C555A001E30FC /* PBXContainerItemProxy */ = {
			isa = PBXContainerItemProxy;
			containerPortal = A91274D22A750E80009EAB1A /* Project object */;
			proxyType = 1;
			remoteGlobalIDString = A91274D92A750E80009EAB1A;
			remoteInfo = image_feed;
		};
		A9178DC02B4C1DA8008DBCCE /* PBXContainerItemProxy */ = {
			isa = PBXContainerItemProxy;
			containerPortal = A91274D22A750E80009EAB1A /* Project object */;
			proxyType = 1;
			remoteGlobalIDString = A91274D92A750E80009EAB1A;
			remoteInfo = image_feed;
		};
/* End PBXContainerItemProxy section */

/* Begin PBXFileReference section */
		A906D4AA2B4C4452001E30FC /* ProfileViewControllerTests.swift */ = {isa = PBXFileReference; lastKnownFileType = sourcecode.swift; path = ProfileViewControllerTests.swift; sourceTree = "<group>"; };
		A906D4AC2B4C4473001E30FC /* ProfilePresenterTests.swift */ = {isa = PBXFileReference; lastKnownFileType = sourcecode.swift; path = ProfilePresenterTests.swift; sourceTree = "<group>"; };
		A906D4AE2B4C4497001E30FC /* ImagesListTests.swift */ = {isa = PBXFileReference; lastKnownFileType = sourcecode.swift; path = ImagesListTests.swift; sourceTree = "<group>"; };
		A906D4B02B4C44C8001E30FC /* ProfilePresenterSpy.swift */ = {isa = PBXFileReference; lastKnownFileType = sourcecode.swift; path = ProfilePresenterSpy.swift; sourceTree = "<group>"; };
		A906D4B22B4C44DF001E30FC /* ProfileViewControllerSpy.swift */ = {isa = PBXFileReference; lastKnownFileType = sourcecode.swift; path = ProfileViewControllerSpy.swift; sourceTree = "<group>"; };
		A906D4B42B4C44F8001E30FC /* ImagesListPresenterSpy.swift */ = {isa = PBXFileReference; lastKnownFileType = sourcecode.swift; path = ImagesListPresenterSpy.swift; sourceTree = "<group>"; };
		A906D4BA2B4C555A001E30FC /* image_feedUITests.xctest */ = {isa = PBXFileReference; explicitFileType = wrapper.cfbundle; includeInIndex = 0; path = image_feedUITests.xctest; sourceTree = BUILT_PRODUCTS_DIR; };
		A906D4BC2B4C555A001E30FC /* image_feedUITests.swift */ = {isa = PBXFileReference; lastKnownFileType = sourcecode.swift; path = image_feedUITests.swift; sourceTree = "<group>"; };
		A90BAD972A8A553C002D46A3 /* ProfileViewController.swift */ = {isa = PBXFileReference; lastKnownFileType = sourcecode.swift; path = ProfileViewController.swift; sourceTree = "<group>"; };
		A91274DA2A750E80009EAB1A /* image_feed.app */ = {isa = PBXFileReference; explicitFileType = wrapper.application; includeInIndex = 0; path = image_feed.app; sourceTree = BUILT_PRODUCTS_DIR; };
		A91274DD2A750E80009EAB1A /* AppDelegate.swift */ = {isa = PBXFileReference; lastKnownFileType = sourcecode.swift; path = AppDelegate.swift; sourceTree = "<group>"; };
		A91274DF2A750E80009EAB1A /* SceneDelegate.swift */ = {isa = PBXFileReference; lastKnownFileType = sourcecode.swift; path = SceneDelegate.swift; sourceTree = "<group>"; };
		A91274E12A750E80009EAB1A /* ImagesListViewController.swift */ = {isa = PBXFileReference; lastKnownFileType = sourcecode.swift; path = ImagesListViewController.swift; sourceTree = "<group>"; };
		A91274E42A750E80009EAB1A /* Base */ = {isa = PBXFileReference; lastKnownFileType = file.storyboard; name = Base; path = Base.lproj/Main.storyboard; sourceTree = "<group>"; };
		A91274E62A750E81009EAB1A /* Assets.xcassets */ = {isa = PBXFileReference; lastKnownFileType = folder.assetcatalog; path = Assets.xcassets; sourceTree = "<group>"; };
		A91274E92A750E81009EAB1A /* Base */ = {isa = PBXFileReference; lastKnownFileType = file.storyboard; name = Base; path = Base.lproj/LaunchScreen.storyboard; sourceTree = "<group>"; };
		A91274EB2A750E81009EAB1A /* Info.plist */ = {isa = PBXFileReference; lastKnownFileType = text.plist.xml; path = Info.plist; sourceTree = "<group>"; };
		A9178DAB2B4ABDE7008DBCCE /* WebViewPresenter.swift */ = {isa = PBXFileReference; lastKnownFileType = sourcecode.swift; path = WebViewPresenter.swift; sourceTree = "<group>"; };
		A9178DAD2B4ABFA3008DBCCE /* AuthHelper.swift */ = {isa = PBXFileReference; lastKnownFileType = sourcecode.swift; path = AuthHelper.swift; sourceTree = "<group>"; };
		A9178DB02B4AC037008DBCCE /* AuthConfiguration.swift */ = {isa = PBXFileReference; lastKnownFileType = sourcecode.swift; path = AuthConfiguration.swift; sourceTree = "<group>"; };
		A9178DB22B4AC063008DBCCE /* AuthConfigConstants.swift */ = {isa = PBXFileReference; lastKnownFileType = sourcecode.swift; path = AuthConfigConstants.swift; sourceTree = "<group>"; };
		A9178DB42B4AC60F008DBCCE /* ProfilePresenter.swift */ = {isa = PBXFileReference; lastKnownFileType = sourcecode.swift; path = ProfilePresenter.swift; sourceTree = "<group>"; };
		A9178DB62B4ACD04008DBCCE /* ImagesListPresenter.swift */ = {isa = PBXFileReference; lastKnownFileType = sourcecode.swift; path = ImagesListPresenter.swift; sourceTree = "<group>"; };
		A9178DBC2B4C1DA8008DBCCE /* image_feedTests.xctest */ = {isa = PBXFileReference; explicitFileType = wrapper.cfbundle; includeInIndex = 0; path = image_feedTests.xctest; sourceTree = BUILT_PRODUCTS_DIR; };
		A9178DBE2B4C1DA8008DBCCE /* WebViewTests.swift */ = {isa = PBXFileReference; lastKnownFileType = sourcecode.swift; path = WebViewTests.swift; sourceTree = "<group>"; };
		A9178DC52B4C23F3008DBCCE /* WebViewPresenterSpy.swift */ = {isa = PBXFileReference; lastKnownFileType = sourcecode.swift; path = WebViewPresenterSpy.swift; sourceTree = "<group>"; };
		A9178DC72B4C2469008DBCCE /* WebViewViewControllerSpy.swift */ = {isa = PBXFileReference; lastKnownFileType = sourcecode.swift; path = WebViewViewControllerSpy.swift; sourceTree = "<group>"; };
		A931F10D2AB46C7E0022BE73 /* OAuth2Service.swift */ = {isa = PBXFileReference; lastKnownFileType = sourcecode.swift; path = OAuth2Service.swift; sourceTree = "<group>"; };
		A931F10F2AB473550022BE73 /* OAuth2TokenStorage.swift */ = {isa = PBXFileReference; lastKnownFileType = sourcecode.swift; path = OAuth2TokenStorage.swift; sourceTree = "<group>"; };
		A94DB8E52A8F8F9E00579B8A /* SingleImageViewController.swift */ = {isa = PBXFileReference; lastKnownFileType = sourcecode.swift; path = SingleImageViewController.swift; sourceTree = "<group>"; };
		A95C5BA12AD9333000A7BD20 /* AlertPresenter.swift */ = {isa = PBXFileReference; lastKnownFileType = sourcecode.swift; name = AlertPresenter.swift; path = Alert/AlertPresenter.swift; sourceTree = "<group>"; };
		A95C5BA42AD9337600A7BD20 /* OAuthTokenResponseBody.swift */ = {isa = PBXFileReference; lastKnownFileType = sourcecode.swift; path = OAuthTokenResponseBody.swift; sourceTree = "<group>"; };
		A95C5BA82AD933A800A7BD20 /* ProfileStructures.swift */ = {isa = PBXFileReference; lastKnownFileType = sourcecode.swift; path = ProfileStructures.swift; sourceTree = "<group>"; };
		A95C5BAB2AD933FC00A7BD20 /* URLRequest+Extension.swift */ = {isa = PBXFileReference; lastKnownFileType = sourcecode.swift; path = "URLRequest+Extension.swift"; sourceTree = "<group>"; };
		A95C5BAD2AD9340F00A7BD20 /* URLSession+Extension.swift */ = {isa = PBXFileReference; lastKnownFileType = sourcecode.swift; path = "URLSession+Extension.swift"; sourceTree = "<group>"; };
		A95C5BAF2AD9342600A7BD20 /* UIColorExtension.swift */ = {isa = PBXFileReference; lastKnownFileType = sourcecode.swift; path = UIColorExtension.swift; sourceTree = "<group>"; };
		A95C5BB32AD9361300A7BD20 /* ConvertFromSnakeCase.swift */ = {isa = PBXFileReference; lastKnownFileType = sourcecode.swift; path = ConvertFromSnakeCase.swift; sourceTree = "<group>"; };
		A95C5BB52AD93AAB00A7BD20 /* RootNavigationController.swift */ = {isa = PBXFileReference; lastKnownFileType = sourcecode.swift; path = RootNavigationController.swift; sourceTree = "<group>"; };
		A9860FD42AD86C6700677887 /* TabBarController.swift */ = {isa = PBXFileReference; lastKnownFileType = sourcecode.swift; name = TabBarController.swift; path = ImagesList/TabBarController.swift; sourceTree = "<group>"; };
		A9860FD62AD86D5200677887 /* ProfileService.swift */ = {isa = PBXFileReference; lastKnownFileType = sourcecode.swift; path = ProfileService.swift; sourceTree = "<group>"; };
		A9860FD82AD86D7E00677887 /* ProfileImageService.swift */ = {isa = PBXFileReference; lastKnownFileType = sourcecode.swift; path = ProfileImageService.swift; sourceTree = "<group>"; };
		A9860FDA2AD86E2300677887 /* UIBlockingProgressHUD.swift */ = {isa = PBXFileReference; lastKnownFileType = sourcecode.swift; path = UIBlockingProgressHUD.swift; sourceTree = "<group>"; };
		A98B09C92AAB5DC6004A584A /* AuthViewController.swift */ = {isa = PBXFileReference; lastKnownFileType = sourcecode.swift; path = AuthViewController.swift; sourceTree = "<group>"; };
		A98B09CC2AAF257C004A584A /* WebViewViewController.swift */ = {isa = PBXFileReference; lastKnownFileType = sourcecode.swift; path = WebViewViewController.swift; sourceTree = "<group>"; };
		A9BDCFCE2AE010AC00BF5AF7 /* ImagesListService.swift */ = {isa = PBXFileReference; lastKnownFileType = sourcecode.swift; path = ImagesListService.swift; sourceTree = "<group>"; };
		A9BDCFD02AE015FE00BF5AF7 /* PhotoStructures.swift */ = {isa = PBXFileReference; lastKnownFileType = sourcecode.swift; path = PhotoStructures.swift; sourceTree = "<group>"; };
		A9F3831E2A84DFA000D9A15E /* ImagesListCell.swift */ = {isa = PBXFileReference; lastKnownFileType = sourcecode.swift; path = ImagesListCell.swift; sourceTree = "<group>"; };
		A9FF20252AB7859E00DC0471 /* SplashViewController.swift */ = {isa = PBXFileReference; lastKnownFileType = sourcecode.swift; path = SplashViewController.swift; sourceTree = "<group>"; };
/* End PBXFileReference section */

/* Begin PBXFrameworksBuildPhase section */
		A906D4B72B4C555A001E30FC /* Frameworks */ = {
			isa = PBXFrameworksBuildPhase;
			buildActionMask = 2147483647;
			files = (
			);
			runOnlyForDeploymentPostprocessing = 0;
		};
		A91274D72A750E80009EAB1A /* Frameworks */ = {
			isa = PBXFrameworksBuildPhase;
			buildActionMask = 2147483647;
			files = (
				A9860FD02AD86AF900677887 /* Kingfisher in Frameworks */,
				A9027B1A2ABB2E1F003E2A2C /* ProgressHUD in Frameworks */,
				A9860FD32AD86B0000677887 /* SwiftKeychainWrapper in Frameworks */,
			);
			runOnlyForDeploymentPostprocessing = 0;
		};
		A9178DB92B4C1DA8008DBCCE /* Frameworks */ = {
			isa = PBXFrameworksBuildPhase;
			buildActionMask = 2147483647;
			files = (
			);
			runOnlyForDeploymentPostprocessing = 0;
		};
/* End PBXFrameworksBuildPhase section */

/* Begin PBXGroup section */
		A906D4BB2B4C555A001E30FC /* image_feedUITests */ = {
			isa = PBXGroup;
			children = (
				A906D4BC2B4C555A001E30FC /* image_feedUITests.swift */,
			);
			path = image_feedUITests;
			sourceTree = "<group>";
		};
		A906D4C52B4C6394001E30FC /* Spies */ = {
			isa = PBXGroup;
			children = (
				A9178DC52B4C23F3008DBCCE /* WebViewPresenterSpy.swift */,
				A906D4B02B4C44C8001E30FC /* ProfilePresenterSpy.swift */,
				A906D4B22B4C44DF001E30FC /* ProfileViewControllerSpy.swift */,
				A9178DC72B4C2469008DBCCE /* WebViewViewControllerSpy.swift */,
				A906D4B42B4C44F8001E30FC /* ImagesListPresenterSpy.swift */,
			);
			path = Spies;
			sourceTree = "<group>";
		};
		A90BAD962A8A5525002D46A3 /* Profile */ = {
			isa = PBXGroup;
			children = (
				A90BAD972A8A553C002D46A3 /* ProfileViewController.swift */,
				A9860FD62AD86D5200677887 /* ProfileService.swift */,
				A9860FD82AD86D7E00677887 /* ProfileImageService.swift */,
				A9178DB42B4AC60F008DBCCE /* ProfilePresenter.swift */,
			);
			path = Profile;
			sourceTree = "<group>";
		};
		A91274D12A750E80009EAB1A = {
			isa = PBXGroup;
			children = (
				A91274DC2A750E80009EAB1A /* image_feed */,
				A9178DBD2B4C1DA8008DBCCE /* image_feedUnitTests */,
				A906D4BB2B4C555A001E30FC /* image_feedUITests */,
				A91274DB2A750E80009EAB1A /* Products */,
			);
			sourceTree = "<group>";
		};
		A91274DB2A750E80009EAB1A /* Products */ = {
			isa = PBXGroup;
			children = (
				A91274DA2A750E80009EAB1A /* image_feed.app */,
				A9178DBC2B4C1DA8008DBCCE /* image_feedTests.xctest */,
				A906D4BA2B4C555A001E30FC /* image_feedUITests.xctest */,
			);
			name = Products;
			sourceTree = "<group>";
		};
		A91274DC2A750E80009EAB1A /* image_feed */ = {
			isa = PBXGroup;
			children = (
				A95C5BA12AD9333000A7BD20 /* AlertPresenter.swift */,
				A95C5BA32AD9334400A7BD20 /* Models */,
				A95C5BAA2AD933D200A7BD20 /* Helpers */,
				A9FF20242AB7857400DC0471 /* SplashView */,
				A931F10C2AB46C5D0022BE73 /* OAuth2 */,
				A9178DAF2B4AC005008DBCCE /* Configuration */,
				A98B09CB2AAB5DEC004A584A /* Auth */,
				A94DB8E72A8F926D00579B8A /* SingleImageView */,
				A90BAD962A8A5525002D46A3 /* Profile */,
				A9F383202A84E00D00D9A15E /* ImagesList */,
				A9860FD42AD86C6700677887 /* TabBarController.swift */,
				A9860FDA2AD86E2300677887 /* UIBlockingProgressHUD.swift */,
				A91274E32A750E80009EAB1A /* Main.storyboard */,
				A91274E62A750E81009EAB1A /* Assets.xcassets */,
				A91274E82A750E81009EAB1A /* LaunchScreen.storyboard */,
				A91274EB2A750E81009EAB1A /* Info.plist */,
				A985893E2AD88541000F5FEE /* Delegates */,
			);
			path = image_feed;
			sourceTree = "<group>";
		};
		A9178DAF2B4AC005008DBCCE /* Configuration */ = {
			isa = PBXGroup;
			children = (
				A9178DB02B4AC037008DBCCE /* AuthConfiguration.swift */,
				A9178DB22B4AC063008DBCCE /* AuthConfigConstants.swift */,
			);
			path = Configuration;
			sourceTree = "<group>";
		};
		A9178DBD2B4C1DA8008DBCCE /* image_feedUnitTests */ = {
			isa = PBXGroup;
			children = (
				A9178DBE2B4C1DA8008DBCCE /* WebViewTests.swift */,
				A906D4AA2B4C4452001E30FC /* ProfileViewControllerTests.swift */,
				A906D4AC2B4C4473001E30FC /* ProfilePresenterTests.swift */,
				A906D4AE2B4C4497001E30FC /* ImagesListTests.swift */,
				A906D4C52B4C6394001E30FC /* Spies */,
			);
			path = image_feedUnitTests;
			sourceTree = "<group>";
		};
		A931F10C2AB46C5D0022BE73 /* OAuth2 */ = {
			isa = PBXGroup;
			children = (
				A931F10D2AB46C7E0022BE73 /* OAuth2Service.swift */,
				A931F10F2AB473550022BE73 /* OAuth2TokenStorage.swift */,
			);
			path = OAuth2;
			sourceTree = "<group>";
		};
		A94DB8E72A8F926D00579B8A /* SingleImageView */ = {
			isa = PBXGroup;
			children = (
				A94DB8E52A8F8F9E00579B8A /* SingleImageViewController.swift */,
			);
			path = SingleImageView;
			sourceTree = "<group>";
		};
		A95C5BA32AD9334400A7BD20 /* Models */ = {
			isa = PBXGroup;
			children = (
				A95C5BA42AD9337600A7BD20 /* OAuthTokenResponseBody.swift */,
				A95C5BA82AD933A800A7BD20 /* ProfileStructures.swift */,
				A9BDCFD02AE015FE00BF5AF7 /* PhotoStructures.swift */,
			);
			path = Models;
			sourceTree = "<group>";
		};
		A95C5BAA2AD933D200A7BD20 /* Helpers */ = {
			isa = PBXGroup;
			children = (
				A95C5BAB2AD933FC00A7BD20 /* URLRequest+Extension.swift */,
				A95C5BAD2AD9340F00A7BD20 /* URLSession+Extension.swift */,
				A95C5BAF2AD9342600A7BD20 /* UIColorExtension.swift */,
				A95C5BB32AD9361300A7BD20 /* ConvertFromSnakeCase.swift */,
				A9178DAD2B4ABFA3008DBCCE /* AuthHelper.swift */,
			);
			path = Helpers;
			sourceTree = "<group>";
		};
		A985893E2AD88541000F5FEE /* Delegates */ = {
			isa = PBXGroup;
			children = (
				A91274DD2A750E80009EAB1A /* AppDelegate.swift */,
				A91274DF2A750E80009EAB1A /* SceneDelegate.swift */,
			);
			path = Delegates;
			sourceTree = "<group>";
		};
		A98B09CB2AAB5DEC004A584A /* Auth */ = {
			isa = PBXGroup;
			children = (
				A98B09CC2AAF257C004A584A /* WebViewViewController.swift */,
				A98B09C92AAB5DC6004A584A /* AuthViewController.swift */,
				A95C5BB52AD93AAB00A7BD20 /* RootNavigationController.swift */,
				A9178DAB2B4ABDE7008DBCCE /* WebViewPresenter.swift */,
			);
			path = Auth;
			sourceTree = "<group>";
		};
		A9F383202A84E00D00D9A15E /* ImagesList */ = {
			isa = PBXGroup;
			children = (
				A91274E12A750E80009EAB1A /* ImagesListViewController.swift */,
				A9F3831E2A84DFA000D9A15E /* ImagesListCell.swift */,
				A9BDCFCE2AE010AC00BF5AF7 /* ImagesListService.swift */,
				A9178DB62B4ACD04008DBCCE /* ImagesListPresenter.swift */,
			);
			path = ImagesList;
			sourceTree = "<group>";
		};
		A9FF20242AB7857400DC0471 /* SplashView */ = {
			isa = PBXGroup;
			children = (
				A9FF20252AB7859E00DC0471 /* SplashViewController.swift */,
			);
			path = SplashView;
			sourceTree = "<group>";
		};
/* End PBXGroup section */

/* Begin PBXNativeTarget section */
		A906D4B92B4C555A001E30FC /* image_feedUITests */ = {
			isa = PBXNativeTarget;
			buildConfigurationList = A906D4C22B4C555A001E30FC /* Build configuration list for PBXNativeTarget "image_feedUITests" */;
			buildPhases = (
				A906D4B62B4C555A001E30FC /* Sources */,
				A906D4B72B4C555A001E30FC /* Frameworks */,
				A906D4B82B4C555A001E30FC /* Resources */,
			);
			buildRules = (
			);
			dependencies = (
				A906D4C12B4C555A001E30FC /* PBXTargetDependency */,
			);
			name = image_feedUITests;
			productName = image_feedUITests;
			productReference = A906D4BA2B4C555A001E30FC /* image_feedUITests.xctest */;
			productType = "com.apple.product-type.bundle.ui-testing";
		};
		A91274D92A750E80009EAB1A /* image_feed */ = {
			isa = PBXNativeTarget;
			buildConfigurationList = A91274EE2A750E81009EAB1A /* Build configuration list for PBXNativeTarget "image_feed" */;
			buildPhases = (
				A91274D62A750E80009EAB1A /* Sources */,
				A91274D72A750E80009EAB1A /* Frameworks */,
				A91274D82A750E80009EAB1A /* Resources */,
			);
			buildRules = (
			);
			dependencies = (
			);
			name = image_feed;
			packageProductDependencies = (
				A9027B192ABB2E1F003E2A2C /* ProgressHUD */,
				A9860FCF2AD86AF900677887 /* Kingfisher */,
				A9860FD22AD86B0000677887 /* SwiftKeychainWrapper */,
			);
			productName = image_feed;
			productReference = A91274DA2A750E80009EAB1A /* image_feed.app */;
			productType = "com.apple.product-type.application";
		};
		A9178DBB2B4C1DA8008DBCCE /* image_feedTests */ = {
			isa = PBXNativeTarget;
			buildConfigurationList = A9178DC42B4C1DA8008DBCCE /* Build configuration list for PBXNativeTarget "image_feedTests" */;
			buildPhases = (
				A9178DB82B4C1DA8008DBCCE /* Sources */,
				A9178DB92B4C1DA8008DBCCE /* Frameworks */,
				A9178DBA2B4C1DA8008DBCCE /* Resources */,
			);
			buildRules = (
			);
			dependencies = (
				A9178DC12B4C1DA8008DBCCE /* PBXTargetDependency */,
			);
			name = image_feedTests;
			productName = image_feedTests;
			productReference = A9178DBC2B4C1DA8008DBCCE /* image_feedTests.xctest */;
			productType = "com.apple.product-type.bundle.unit-test";
		};
/* End PBXNativeTarget section */

/* Begin PBXProject section */
		A91274D22A750E80009EAB1A /* Project object */ = {
			isa = PBXProject;
			attributes = {
				BuildIndependentTargetsInParallel = 1;
				LastSwiftUpdateCheck = 1510;
				LastUpgradeCheck = 1510;
				TargetAttributes = {
					A906D4B92B4C555A001E30FC = {
						CreatedOnToolsVersion = 15.1;
						TestTargetID = A91274D92A750E80009EAB1A;
					};
					A91274D92A750E80009EAB1A = {
						CreatedOnToolsVersion = 14.3.1;
					};
					A9178DBB2B4C1DA8008DBCCE = {
						CreatedOnToolsVersion = 15.1;
						TestTargetID = A91274D92A750E80009EAB1A;
					};
				};
			};
			buildConfigurationList = A91274D52A750E80009EAB1A /* Build configuration list for PBXProject "image_feed" */;
			compatibilityVersion = "Xcode 14.0";
			developmentRegion = en;
			hasScannedForEncodings = 0;
			knownRegions = (
				en,
				Base,
			);
			mainGroup = A91274D12A750E80009EAB1A;
			packageReferences = (
				A9027B182ABB2E1F003E2A2C /* XCRemoteSwiftPackageReference "ProgressHUD" */,
				A9860FCE2AD86AF900677887 /* XCRemoteSwiftPackageReference "Kingfisher" */,
				A9860FD12AD86B0000677887 /* XCRemoteSwiftPackageReference "SwiftKeychainWrapper" */,
			);
			productRefGroup = A91274DB2A750E80009EAB1A /* Products */;
			projectDirPath = "";
			projectRoot = "";
			targets = (
				A91274D92A750E80009EAB1A /* image_feed */,
				A9178DBB2B4C1DA8008DBCCE /* image_feedTests */,
				A906D4B92B4C555A001E30FC /* image_feedUITests */,
			);
		};
/* End PBXProject section */

/* Begin PBXResourcesBuildPhase section */
		A906D4B82B4C555A001E30FC /* Resources */ = {
			isa = PBXResourcesBuildPhase;
			buildActionMask = 2147483647;
			files = (
			);
			runOnlyForDeploymentPostprocessing = 0;
		};
		A91274D82A750E80009EAB1A /* Resources */ = {
			isa = PBXResourcesBuildPhase;
			buildActionMask = 2147483647;
			files = (
				A91274EA2A750E81009EAB1A /* LaunchScreen.storyboard in Resources */,
				A91274E72A750E81009EAB1A /* Assets.xcassets in Resources */,
				A91274E52A750E80009EAB1A /* Main.storyboard in Resources */,
			);
			runOnlyForDeploymentPostprocessing = 0;
		};
		A9178DBA2B4C1DA8008DBCCE /* Resources */ = {
			isa = PBXResourcesBuildPhase;
			buildActionMask = 2147483647;
			files = (
			);
			runOnlyForDeploymentPostprocessing = 0;
		};
/* End PBXResourcesBuildPhase section */

/* Begin PBXSourcesBuildPhase section */
		A906D4B62B4C555A001E30FC /* Sources */ = {
			isa = PBXSourcesBuildPhase;
			buildActionMask = 2147483647;
			files = (
				A906D4BD2B4C555A001E30FC /* image_feedUITests.swift in Sources */,
			);
			runOnlyForDeploymentPostprocessing = 0;
		};
		A91274D62A750E80009EAB1A /* Sources */ = {
			isa = PBXSourcesBuildPhase;
			buildActionMask = 2147483647;
			files = (
				A9BDCFCF2AE010AC00BF5AF7 /* ImagesListService.swift in Sources */,
				A91274E22A750E80009EAB1A /* ImagesListViewController.swift in Sources */,
				A9860FD52AD86C6700677887 /* TabBarController.swift in Sources */,
				A9F3831F2A84DFA000D9A15E /* ImagesListCell.swift in Sources */,
				A95C5BA92AD933A800A7BD20 /* ProfileStructures.swift in Sources */,
				A9178DAE2B4ABFA3008DBCCE /* AuthHelper.swift in Sources */,
				A95C5BB02AD9342600A7BD20 /* UIColorExtension.swift in Sources */,
				A9860FDB2AD86E2300677887 /* UIBlockingProgressHUD.swift in Sources */,
				A9178DB52B4AC60F008DBCCE /* ProfilePresenter.swift in Sources */,
				A95C5BAC2AD933FC00A7BD20 /* URLRequest+Extension.swift in Sources */,
				A90BAD982A8A553C002D46A3 /* ProfileViewController.swift in Sources */,
				A9FF20262AB7859E00DC0471 /* SplashViewController.swift in Sources */,
				A91274DE2A750E80009EAB1A /* AppDelegate.swift in Sources */,
				A95C5BB42AD9361300A7BD20 /* ConvertFromSnakeCase.swift in Sources */,
				A931F1102AB473550022BE73 /* OAuth2TokenStorage.swift in Sources */,
				A98B09CA2AAB5DC6004A584A /* AuthViewController.swift in Sources */,
				A9178DB32B4AC064008DBCCE /* AuthConfigConstants.swift in Sources */,
				A94DB8E62A8F8F9E00579B8A /* SingleImageViewController.swift in Sources */,
				A95C5BA22AD9333000A7BD20 /* AlertPresenter.swift in Sources */,
				A9178DB72B4ACD04008DBCCE /* ImagesListPresenter.swift in Sources */,
				A98B09CD2AAF257C004A584A /* WebViewViewController.swift in Sources */,
				A931F10E2AB46C7E0022BE73 /* OAuth2Service.swift in Sources */,
				A9178DAC2B4ABDE7008DBCCE /* WebViewPresenter.swift in Sources */,
				A95C5BB62AD93AAB00A7BD20 /* RootNavigationController.swift in Sources */,
				A95C5BA52AD9337600A7BD20 /* OAuthTokenResponseBody.swift in Sources */,
				A9178DB12B4AC037008DBCCE /* AuthConfiguration.swift in Sources */,
				A9BDCFD12AE015FE00BF5AF7 /* PhotoStructures.swift in Sources */,
				A95C5BAE2AD9340F00A7BD20 /* URLSession+Extension.swift in Sources */,
				A9860FD92AD86D7E00677887 /* ProfileImageService.swift in Sources */,
				A91274E02A750E80009EAB1A /* SceneDelegate.swift in Sources */,
				A9860FD72AD86D5200677887 /* ProfileService.swift in Sources */,
			);
			runOnlyForDeploymentPostprocessing = 0;
		};
		A9178DB82B4C1DA8008DBCCE /* Sources */ = {
			isa = PBXSourcesBuildPhase;
			buildActionMask = 2147483647;
			files = (
				A906D4AB2B4C4452001E30FC /* ProfileViewControllerTests.swift in Sources */,
				A906D4AD2B4C4473001E30FC /* ProfilePresenterTests.swift in Sources */,
				A9178DBF2B4C1DA8008DBCCE /* WebViewTests.swift in Sources */,
				A906D4AF2B4C4497001E30FC /* ImagesListTests.swift in Sources */,
				A9178DC82B4C2469008DBCCE /* WebViewViewControllerSpy.swift in Sources */,
				A906D4B52B4C44F8001E30FC /* ImagesListPresenterSpy.swift in Sources */,
				A906D4B32B4C44DF001E30FC /* ProfileViewControllerSpy.swift in Sources */,
				A906D4B12B4C44C8001E30FC /* ProfilePresenterSpy.swift in Sources */,
				A9178DC62B4C23F3008DBCCE /* WebViewPresenterSpy.swift in Sources */,
			);
			runOnlyForDeploymentPostprocessing = 0;
		};
/* End PBXSourcesBuildPhase section */

/* Begin PBXTargetDependency section */
		A906D4C12B4C555A001E30FC /* PBXTargetDependency */ = {
			isa = PBXTargetDependency;
			target = A91274D92A750E80009EAB1A /* image_feed */;
			targetProxy = A906D4C02B4C555A001E30FC /* PBXContainerItemProxy */;
		};
		A9178DC12B4C1DA8008DBCCE /* PBXTargetDependency */ = {
			isa = PBXTargetDependency;
			target = A91274D92A750E80009EAB1A /* image_feed */;
			targetProxy = A9178DC02B4C1DA8008DBCCE /* PBXContainerItemProxy */;
		};
/* End PBXTargetDependency section */

/* Begin PBXVariantGroup section */
		A91274E32A750E80009EAB1A /* Main.storyboard */ = {
			isa = PBXVariantGroup;
			children = (
				A91274E42A750E80009EAB1A /* Base */,
			);
			name = Main.storyboard;
			sourceTree = "<group>";
		};
		A91274E82A750E81009EAB1A /* LaunchScreen.storyboard */ = {
			isa = PBXVariantGroup;
			children = (
				A91274E92A750E81009EAB1A /* Base */,
			);
			name = LaunchScreen.storyboard;
			sourceTree = "<group>";
		};
/* End PBXVariantGroup section */

/* Begin XCBuildConfiguration section */
		A906D4C32B4C555A001E30FC /* Debug */ = {
			isa = XCBuildConfiguration;
			buildSettings = {
				ASSETCATALOG_COMPILER_GENERATE_SWIFT_ASSET_SYMBOL_EXTENSIONS = YES;
				CODE_SIGN_STYLE = Automatic;
				CURRENT_PROJECT_VERSION = 1;
				GCC_C_LANGUAGE_STANDARD = gnu17;
				GENERATE_INFOPLIST_FILE = YES;
				IPHONEOS_DEPLOYMENT_TARGET = 17.2;
				LOCALIZATION_PREFERS_STRING_CATALOGS = YES;
				MARKETING_VERSION = 1.0;
				PRODUCT_BUNDLE_IDENTIFIER = "ru.praktikum.Image-Feed.image-feedUITests";
				PRODUCT_NAME = "$(TARGET_NAME)";
				SWIFT_ACTIVE_COMPILATION_CONDITIONS = "DEBUG $(inherited)";
				SWIFT_EMIT_LOC_STRINGS = NO;
				SWIFT_VERSION = 5.0;
				TARGETED_DEVICE_FAMILY = "1,2";
				TEST_TARGET_NAME = image_feed;
			};
			name = Debug;
		};
		A906D4C42B4C555A001E30FC /* Release */ = {
			isa = XCBuildConfiguration;
			buildSettings = {
				ASSETCATALOG_COMPILER_GENERATE_SWIFT_ASSET_SYMBOL_EXTENSIONS = YES;
				CODE_SIGN_STYLE = Automatic;
				CURRENT_PROJECT_VERSION = 1;
				GCC_C_LANGUAGE_STANDARD = gnu17;
				GENERATE_INFOPLIST_FILE = YES;
				IPHONEOS_DEPLOYMENT_TARGET = 17.2;
				LOCALIZATION_PREFERS_STRING_CATALOGS = YES;
				MARKETING_VERSION = 1.0;
				PRODUCT_BUNDLE_IDENTIFIER = "ru.praktikum.Image-Feed.image-feedUITests";
				PRODUCT_NAME = "$(TARGET_NAME)";
				SWIFT_EMIT_LOC_STRINGS = NO;
				SWIFT_VERSION = 5.0;
				TARGETED_DEVICE_FAMILY = "1,2";
				TEST_TARGET_NAME = image_feed;
			};
			name = Release;
		};
		A91274EC2A750E81009EAB1A /* Debug */ = {
			isa = XCBuildConfiguration;
			buildSettings = {
				ALWAYS_SEARCH_USER_PATHS = NO;
				CLANG_ANALYZER_NONNULL = YES;
				CLANG_ANALYZER_NUMBER_OBJECT_CONVERSION = YES_AGGRESSIVE;
				CLANG_CXX_LANGUAGE_STANDARD = "gnu++20";
				CLANG_ENABLE_MODULES = YES;
				CLANG_ENABLE_OBJC_ARC = YES;
				CLANG_ENABLE_OBJC_WEAK = YES;
				CLANG_WARN_BLOCK_CAPTURE_AUTORELEASING = YES;
				CLANG_WARN_BOOL_CONVERSION = YES;
				CLANG_WARN_COMMA = YES;
				CLANG_WARN_CONSTANT_CONVERSION = YES;
				CLANG_WARN_DEPRECATED_OBJC_IMPLEMENTATIONS = YES;
				CLANG_WARN_DIRECT_OBJC_ISA_USAGE = YES_ERROR;
				CLANG_WARN_DOCUMENTATION_COMMENTS = YES;
				CLANG_WARN_EMPTY_BODY = YES;
				CLANG_WARN_ENUM_CONVERSION = YES;
				CLANG_WARN_INFINITE_RECURSION = YES;
				CLANG_WARN_INT_CONVERSION = YES;
				CLANG_WARN_NON_LITERAL_NULL_CONVERSION = YES;
				CLANG_WARN_OBJC_IMPLICIT_RETAIN_SELF = YES;
				CLANG_WARN_OBJC_LITERAL_CONVERSION = YES;
				CLANG_WARN_OBJC_ROOT_CLASS = YES_ERROR;
				CLANG_WARN_QUOTED_INCLUDE_IN_FRAMEWORK_HEADER = YES;
				CLANG_WARN_RANGE_LOOP_ANALYSIS = YES;
				CLANG_WARN_STRICT_PROTOTYPES = YES;
				CLANG_WARN_SUSPICIOUS_MOVE = YES;
				CLANG_WARN_UNGUARDED_AVAILABILITY = YES_AGGRESSIVE;
				CLANG_WARN_UNREACHABLE_CODE = YES;
				CLANG_WARN__DUPLICATE_METHOD_MATCH = YES;
				COPY_PHASE_STRIP = NO;
				DEBUG_INFORMATION_FORMAT = dwarf;
				ENABLE_STRICT_OBJC_MSGSEND = YES;
				ENABLE_TESTABILITY = YES;
				ENABLE_USER_SCRIPT_SANDBOXING = YES;
				GCC_C_LANGUAGE_STANDARD = gnu11;
				GCC_DYNAMIC_NO_PIC = NO;
				GCC_NO_COMMON_BLOCKS = YES;
				GCC_OPTIMIZATION_LEVEL = 0;
				GCC_PREPROCESSOR_DEFINITIONS = (
					"DEBUG=1",
					"$(inherited)",
				);
				GCC_WARN_64_TO_32_BIT_CONVERSION = YES;
				GCC_WARN_ABOUT_RETURN_TYPE = YES_ERROR;
				GCC_WARN_UNDECLARED_SELECTOR = YES;
				GCC_WARN_UNINITIALIZED_AUTOS = YES_AGGRESSIVE;
				GCC_WARN_UNUSED_FUNCTION = YES;
				GCC_WARN_UNUSED_VARIABLE = YES;
				IPHONEOS_DEPLOYMENT_TARGET = 16.4;
				MTL_ENABLE_DEBUG_INFO = INCLUDE_SOURCE;
				MTL_FAST_MATH = YES;
				ONLY_ACTIVE_ARCH = YES;
				SDKROOT = iphoneos;
				SWIFT_ACTIVE_COMPILATION_CONDITIONS = DEBUG;
				SWIFT_OPTIMIZATION_LEVEL = "-Onone";
			};
			name = Debug;
		};
		A91274ED2A750E81009EAB1A /* Release */ = {
			isa = XCBuildConfiguration;
			buildSettings = {
				ALWAYS_SEARCH_USER_PATHS = NO;
				CLANG_ANALYZER_NONNULL = YES;
				CLANG_ANALYZER_NUMBER_OBJECT_CONVERSION = YES_AGGRESSIVE;
				CLANG_CXX_LANGUAGE_STANDARD = "gnu++20";
				CLANG_ENABLE_MODULES = YES;
				CLANG_ENABLE_OBJC_ARC = YES;
				CLANG_ENABLE_OBJC_WEAK = YES;
				CLANG_WARN_BLOCK_CAPTURE_AUTORELEASING = YES;
				CLANG_WARN_BOOL_CONVERSION = YES;
				CLANG_WARN_COMMA = YES;
				CLANG_WARN_CONSTANT_CONVERSION = YES;
				CLANG_WARN_DEPRECATED_OBJC_IMPLEMENTATIONS = YES;
				CLANG_WARN_DIRECT_OBJC_ISA_USAGE = YES_ERROR;
				CLANG_WARN_DOCUMENTATION_COMMENTS = YES;
				CLANG_WARN_EMPTY_BODY = YES;
				CLANG_WARN_ENUM_CONVERSION = YES;
				CLANG_WARN_INFINITE_RECURSION = YES;
				CLANG_WARN_INT_CONVERSION = YES;
				CLANG_WARN_NON_LITERAL_NULL_CONVERSION = YES;
				CLANG_WARN_OBJC_IMPLICIT_RETAIN_SELF = YES;
				CLANG_WARN_OBJC_LITERAL_CONVERSION = YES;
				CLANG_WARN_OBJC_ROOT_CLASS = YES_ERROR;
				CLANG_WARN_QUOTED_INCLUDE_IN_FRAMEWORK_HEADER = YES;
				CLANG_WARN_RANGE_LOOP_ANALYSIS = YES;
				CLANG_WARN_STRICT_PROTOTYPES = YES;
				CLANG_WARN_SUSPICIOUS_MOVE = YES;
				CLANG_WARN_UNGUARDED_AVAILABILITY = YES_AGGRESSIVE;
				CLANG_WARN_UNREACHABLE_CODE = YES;
				CLANG_WARN__DUPLICATE_METHOD_MATCH = YES;
				COPY_PHASE_STRIP = NO;
				DEBUG_INFORMATION_FORMAT = "dwarf-with-dsym";
				ENABLE_NS_ASSERTIONS = NO;
				ENABLE_STRICT_OBJC_MSGSEND = YES;
				ENABLE_USER_SCRIPT_SANDBOXING = YES;
				GCC_C_LANGUAGE_STANDARD = gnu11;
				GCC_NO_COMMON_BLOCKS = YES;
				GCC_WARN_64_TO_32_BIT_CONVERSION = YES;
				GCC_WARN_ABOUT_RETURN_TYPE = YES_ERROR;
				GCC_WARN_UNDECLARED_SELECTOR = YES;
				GCC_WARN_UNINITIALIZED_AUTOS = YES_AGGRESSIVE;
				GCC_WARN_UNUSED_FUNCTION = YES;
				GCC_WARN_UNUSED_VARIABLE = YES;
				IPHONEOS_DEPLOYMENT_TARGET = 16.4;
				MTL_ENABLE_DEBUG_INFO = NO;
				MTL_FAST_MATH = YES;
				SDKROOT = iphoneos;
				SWIFT_COMPILATION_MODE = wholemodule;
				SWIFT_OPTIMIZATION_LEVEL = "-O";
				VALIDATE_PRODUCT = YES;
			};
			name = Release;
		};
		A91274EF2A750E81009EAB1A /* Debug */ = {
			isa = XCBuildConfiguration;
			buildSettings = {
				ASSETCATALOG_COMPILER_APPICON_NAME = AppIcon;
				ASSETCATALOG_COMPILER_GLOBAL_ACCENT_COLOR_NAME = AccentColor;
				CODE_SIGN_STYLE = Automatic;
				CURRENT_PROJECT_VERSION = 1;
				DEVELOPMENT_TEAM = 53FYYMX66V;
				GENERATE_INFOPLIST_FILE = YES;
				INFOPLIST_FILE = image_feed/Info.plist;
				INFOPLIST_KEY_CFBundleDisplayName = image_feed;
				INFOPLIST_KEY_UIApplicationSupportsIndirectInputEvents = YES;
				INFOPLIST_KEY_UILaunchStoryboardName = LaunchScreen;
				INFOPLIST_KEY_UIMainStoryboardFile = Main;
				INFOPLIST_KEY_UIStatusBarStyle = UIStatusBarStyleLightContent;
				INFOPLIST_KEY_UISupportedInterfaceOrientations = UIInterfaceOrientationPortrait;
				INFOPLIST_KEY_UISupportedInterfaceOrientations_iPad = UIInterfaceOrientationLandscapeLeft;
				IPHONEOS_DEPLOYMENT_TARGET = 13.0;
				LD_RUNPATH_SEARCH_PATHS = (
					"$(inherited)",
					"@executable_path/Frameworks",
				);
				MARKETING_VERSION = 1.0;
				PRODUCT_BUNDLE_IDENTIFIER = "ru.yandex.ov312xrate.practicum.image-feed";
				PRODUCT_NAME = "$(TARGET_NAME)";
				SUPPORTED_PLATFORMS = "iphoneos iphonesimulator";
				SUPPORTS_MACCATALYST = NO;
				SUPPORTS_MAC_DESIGNED_FOR_IPHONE_IPAD = NO;
				SWIFT_EMIT_LOC_STRINGS = YES;
				SWIFT_VERSION = 5.0;
				TARGETED_DEVICE_FAMILY = 1;
			};
			name = Debug;
		};
		A91274F02A750E81009EAB1A /* Release */ = {
			isa = XCBuildConfiguration;
			buildSettings = {
				ASSETCATALOG_COMPILER_APPICON_NAME = AppIcon;
				ASSETCATALOG_COMPILER_GLOBAL_ACCENT_COLOR_NAME = AccentColor;
				CODE_SIGN_STYLE = Automatic;
				CURRENT_PROJECT_VERSION = 1;
				DEVELOPMENT_TEAM = 53FYYMX66V;
				GENERATE_INFOPLIST_FILE = YES;
				INFOPLIST_FILE = image_feed/Info.plist;
				INFOPLIST_KEY_CFBundleDisplayName = image_feed;
				INFOPLIST_KEY_UIApplicationSupportsIndirectInputEvents = YES;
				INFOPLIST_KEY_UILaunchStoryboardName = LaunchScreen;
				INFOPLIST_KEY_UIMainStoryboardFile = Main;
				INFOPLIST_KEY_UIStatusBarStyle = UIStatusBarStyleLightContent;
				INFOPLIST_KEY_UISupportedInterfaceOrientations = UIInterfaceOrientationPortrait;
				INFOPLIST_KEY_UISupportedInterfaceOrientations_iPad = UIInterfaceOrientationLandscapeLeft;
				IPHONEOS_DEPLOYMENT_TARGET = 13.0;
				LD_RUNPATH_SEARCH_PATHS = (
					"$(inherited)",
					"@executable_path/Frameworks",
				);
				MARKETING_VERSION = 1.0;
				PRODUCT_BUNDLE_IDENTIFIER = "ru.yandex.ov312xrate.practicum.image-feed";
				PRODUCT_NAME = "$(TARGET_NAME)";
				SUPPORTED_PLATFORMS = "iphoneos iphonesimulator";
				SUPPORTS_MACCATALYST = NO;
				SUPPORTS_MAC_DESIGNED_FOR_IPHONE_IPAD = NO;
				SWIFT_EMIT_LOC_STRINGS = YES;
				SWIFT_VERSION = 5.0;
				TARGETED_DEVICE_FAMILY = 1;
			};
			name = Release;
		};
		A9178DC22B4C1DA8008DBCCE /* Debug */ = {
			isa = XCBuildConfiguration;
			buildSettings = {
				ASSETCATALOG_COMPILER_GENERATE_SWIFT_ASSET_SYMBOL_EXTENSIONS = YES;
				BUNDLE_LOADER = "$(TEST_HOST)";
				CODE_SIGN_STYLE = Automatic;
				CURRENT_PROJECT_VERSION = 1;
				GCC_C_LANGUAGE_STANDARD = gnu17;
				GENERATE_INFOPLIST_FILE = YES;
				IPHONEOS_DEPLOYMENT_TARGET = 17.2;
				LOCALIZATION_PREFERS_STRING_CATALOGS = YES;
				MARKETING_VERSION = 1.0;
				PRODUCT_BUNDLE_IDENTIFIER = "ru.praktikum.Image-Feed.image-feedTests";
				PRODUCT_NAME = "$(TARGET_NAME)";
				SWIFT_ACTIVE_COMPILATION_CONDITIONS = "DEBUG $(inherited)";
				SWIFT_EMIT_LOC_STRINGS = NO;
				SWIFT_VERSION = 5.0;
				TARGETED_DEVICE_FAMILY = "1,2";
				TEST_HOST = "$(BUILT_PRODUCTS_DIR)/image_feed.app/$(BUNDLE_EXECUTABLE_FOLDER_PATH)/image_feed";
			};
			name = Debug;
		};
		A9178DC32B4C1DA8008DBCCE /* Release */ = {
			isa = XCBuildConfiguration;
			buildSettings = {
				ASSETCATALOG_COMPILER_GENERATE_SWIFT_ASSET_SYMBOL_EXTENSIONS = YES;
				BUNDLE_LOADER = "$(TEST_HOST)";
				CODE_SIGN_STYLE = Automatic;
				CURRENT_PROJECT_VERSION = 1;
				GCC_C_LANGUAGE_STANDARD = gnu17;
				GENERATE_INFOPLIST_FILE = YES;
				IPHONEOS_DEPLOYMENT_TARGET = 17.2;
				LOCALIZATION_PREFERS_STRING_CATALOGS = YES;
				MARKETING_VERSION = 1.0;
				PRODUCT_BUNDLE_IDENTIFIER = "ru.praktikum.Image-Feed.image-feedTests";
				PRODUCT_NAME = "$(TARGET_NAME)";
				SWIFT_EMIT_LOC_STRINGS = NO;
				SWIFT_VERSION = 5.0;
				TARGETED_DEVICE_FAMILY = "1,2";
				TEST_HOST = "$(BUILT_PRODUCTS_DIR)/image_feed.app/$(BUNDLE_EXECUTABLE_FOLDER_PATH)/image_feed";
			};
			name = Release;
		};
/* End XCBuildConfiguration section */

/* Begin XCConfigurationList section */
		A906D4C22B4C555A001E30FC /* Build configuration list for PBXNativeTarget "image_feedUITests" */ = {
			isa = XCConfigurationList;
			buildConfigurations = (
				A906D4C32B4C555A001E30FC /* Debug */,
				A906D4C42B4C555A001E30FC /* Release */,
			);
			defaultConfigurationIsVisible = 0;
			defaultConfigurationName = Release;
		};
		A91274D52A750E80009EAB1A /* Build configuration list for PBXProject "image_feed" */ = {
			isa = XCConfigurationList;
			buildConfigurations = (
				A91274EC2A750E81009EAB1A /* Debug */,
				A91274ED2A750E81009EAB1A /* Release */,
			);
			defaultConfigurationIsVisible = 0;
			defaultConfigurationName = Release;
		};
		A91274EE2A750E81009EAB1A /* Build configuration list for PBXNativeTarget "image_feed" */ = {
			isa = XCConfigurationList;
			buildConfigurations = (
				A91274EF2A750E81009EAB1A /* Debug */,
				A91274F02A750E81009EAB1A /* Release */,
			);
			defaultConfigurationIsVisible = 0;
			defaultConfigurationName = Release;
		};
		A9178DC42B4C1DA8008DBCCE /* Build configuration list for PBXNativeTarget "image_feedTests" */ = {
			isa = XCConfigurationList;
			buildConfigurations = (
				A9178DC22B4C1DA8008DBCCE /* Debug */,
				A9178DC32B4C1DA8008DBCCE /* Release */,
			);
			defaultConfigurationIsVisible = 0;
			defaultConfigurationName = Release;
		};
/* End XCConfigurationList section */

/* Begin XCRemoteSwiftPackageReference section */
		A9027B182ABB2E1F003E2A2C /* XCRemoteSwiftPackageReference "ProgressHUD" */ = {
			isa = XCRemoteSwiftPackageReference;
			repositoryURL = "https://github.com/relatedcode/ProgressHUD";
			requirement = {
				kind = exactVersion;
				version = 13.7.2;
			};
		};
		A9860FCE2AD86AF900677887 /* XCRemoteSwiftPackageReference "Kingfisher" */ = {
			isa = XCRemoteSwiftPackageReference;
			repositoryURL = "https://github.com/onevcat/Kingfisher";
			requirement = {
				kind = upToNextMajorVersion;
				minimumVersion = 7.9.1;
			};
		};
		A9860FD12AD86B0000677887 /* XCRemoteSwiftPackageReference "SwiftKeychainWrapper" */ = {
			isa = XCRemoteSwiftPackageReference;
			repositoryURL = "https://github.com/jrendel/SwiftKeychainWrapper";
			requirement = {
				kind = upToNextMajorVersion;
				minimumVersion = 4.0.1;
			};
		};
/* End XCRemoteSwiftPackageReference section */

/* Begin XCSwiftPackageProductDependency section */
		A9027B192ABB2E1F003E2A2C /* ProgressHUD */ = {
			isa = XCSwiftPackageProductDependency;
			package = A9027B182ABB2E1F003E2A2C /* XCRemoteSwiftPackageReference "ProgressHUD" */;
			productName = ProgressHUD;
		};
		A9860FCF2AD86AF900677887 /* Kingfisher */ = {
			isa = XCSwiftPackageProductDependency;
			package = A9860FCE2AD86AF900677887 /* XCRemoteSwiftPackageReference "Kingfisher" */;
			productName = Kingfisher;
		};
		A9860FD22AD86B0000677887 /* SwiftKeychainWrapper */ = {
			isa = XCSwiftPackageProductDependency;
			package = A9860FD12AD86B0000677887 /* XCRemoteSwiftPackageReference "SwiftKeychainWrapper" */;
			productName = SwiftKeychainWrapper;
		};
/* End XCSwiftPackageProductDependency section */
	};
	rootObject = A91274D22A750E80009EAB1A /* Project object */;
}
